
Microsoft Visual Studio Solution File, Format Version 12.00
# Visual Studio Version 16
VisualStudioVersion = 16.0.31205.134
MinimumVisualStudioVersion = 10.0.40219.1
Project("{FAE04EC0-301F-11D3-BF4B-00C04F79EFBC}") = "SPAParser.Server", "SPAParser\Server\SPAParser.Server.csproj", "{8A525C3E-68DF-4E60-85A9-91D9976BDBBF}"
EndProject
Project("{FAE04EC0-301F-11D3-BF4B-00C04F79EFBC}") = "SPAParser.Client", "SPAParser\Client\SPAParser.Client.csproj", "{D668E013-27A8-434C-B8F6-41D29C35D6D0}"
EndProject
Project("{FAE04EC0-301F-11D3-BF4B-00C04F79EFBC}") = "SPAParser.Shared", "SPAParser\Shared\SPAParser.Shared.csproj", "{A69E6A56-1F97-4817-BACA-395C5BA73CAE}"
EndProject
Global
	GlobalSection(SolutionConfigurationPlatforms) = preSolution
		Debug|Any CPU = Debug|Any CPU
		Release|Any CPU = Release|Any CPU
	EndGlobalSection
	GlobalSection(ProjectConfigurationPlatforms) = postSolution
		{8A525C3E-68DF-4E60-85A9-91D9976BDBBF}.Debug|Any CPU.ActiveCfg = Debug|Any CPU
		{8A525C3E-68DF-4E60-85A9-91D9976BDBBF}.Debug|Any CPU.Build.0 = Debug|Any CPU
		{8A525C3E-68DF-4E60-85A9-91D9976BDBBF}.Release|Any CPU.ActiveCfg = Release|Any CPU
		{8A525C3E-68DF-4E60-85A9-91D9976BDBBF}.Release|Any CPU.Build.0 = Release|Any CPU
		{D668E013-27A8-434C-B8F6-41D29C35D6D0}.Debug|Any CPU.ActiveCfg = Debug|Any CPU
		{D668E013-27A8-434C-B8F6-41D29C35D6D0}.Debug|Any CPU.Build.0 = Debug|Any CPU
		{D668E013-27A8-434C-B8F6-41D29C35D6D0}.Release|Any CPU.ActiveCfg = Release|Any CPU
		{D668E013-27A8-434C-B8F6-41D29C35D6D0}.Release|Any CPU.Build.0 = Release|Any CPU
		{A69E6A56-1F97-4817-BACA-395C5BA73CAE}.Debug|Any CPU.ActiveCfg = Debug|Any CPU
		{A69E6A56-1F97-4817-BACA-395C5BA73CAE}.Debug|Any CPU.Build.0 = Debug|Any CPU
		{A69E6A56-1F97-4817-BACA-395C5BA73CAE}.Release|Any CPU.ActiveCfg = Release|Any CPU
		{A69E6A56-1F97-4817-BACA-395C5BA73CAE}.Release|Any CPU.Build.0 = Release|Any CPU
	EndGlobalSection
	GlobalSection(SolutionProperties) = preSolution
		HideSolutionNode = FALSE
	EndGlobalSection
	GlobalSection(ExtensibilityGlobals) = postSolution
		SolutionGuid = {13AF83D3-9C44-4486-BD8E-C43336FD7FA2}
	EndGlobalSection
EndGlobal
